
Microsoft Visual Studio Solution File, Format Version 12.00
# Visual Studio Version 16
VisualStudioVersion = 16.0.32228.343
MinimumVisualStudioVersion = 10.0.40219.1
Project("{FAE04EC0-301F-11D3-BF4B-00C04F79EFBC}") = "Tiệm Sách Long Thành", "Tiệm Sách Long Thành.csproj", "{47820A54-6238-4AD2-B544-9C0165036208}"
EndProject
Global
	GlobalSection(SolutionConfigurationPlatforms) = preSolution
		Debug|Any CPU = Debug|Any CPU
		Release|Any CPU = Release|Any CPU
	EndGlobalSection
	GlobalSection(ProjectConfigurationPlatforms) = postSolution
		{47820A54-6238-4AD2-B544-9C0165036208}.Debug|Any CPU.ActiveCfg = Debug|Any CPU
		{47820A54-6238-4AD2-B544-9C0165036208}.Debug|Any CPU.Build.0 = Debug|Any CPU
		{47820A54-6238-4AD2-B544-9C0165036208}.Release|Any CPU.ActiveCfg = Release|Any CPU
		{47820A54-6238-4AD2-B544-9C0165036208}.Release|Any CPU.Build.0 = Release|Any CPU
	EndGlobalSection
	GlobalSection(SolutionProperties) = preSolution
		HideSolutionNode = FALSE
	EndGlobalSection
	GlobalSection(ExtensibilityGlobals) = postSolution
		SolutionGuid = {B596DDB3-D376-4419-8F52-31568CAA6D25}
	EndGlobalSection
EndGlobal
